# This file is automatically @generated by Poetry 1.4.2 and should not be changed by hand.

[[package]]
name = "asammdf"
version = "7.3.12"
description = "ASAM MDF measurement data file parser"
category = "main"
optional = false
python-versions = ">=3.8"
files = [
    {file = "asammdf-7.3.12-cp310-cp310-macosx_10_9_x86_64.whl", hash = "sha256:08d4e6415629e7a65a74d37d8932caa3b451ececdc558c0120feca2f8ea28928"},
    {file = "asammdf-7.3.12-cp310-cp310-manylinux_2_17_x86_64.manylinux2014_x86_64.whl", hash = "sha256:53049991994bc0c137090f1834944851f0cf942ab8b98e9925fee28a0bffb753"},
    {file = "asammdf-7.3.12-cp310-cp310-win_amd64.whl", hash = "sha256:5006d2da6a763ea397e0064b4baee0dd3966016c86bfcc821c9623ed7ab92d38"},
    {file = "asammdf-7.3.12-cp311-cp311-macosx_10_9_x86_64.whl", hash = "sha256:57aebdbd1833c6235dccb64357caa7725c250b4d41b0374a4e3d738e53b6b619"},
    {file = "asammdf-7.3.12-cp311-cp311-manylinux_2_17_x86_64.manylinux2014_x86_64.whl", hash = "sha256:b942d1077897348b23c4b72b87acbaef827bdd3efe92dae526363ef4aec7c5f4"},
    {file = "asammdf-7.3.12-cp311-cp311-win_amd64.whl", hash = "sha256:6f86f3b1d276801203558a620853dbd175e74ebfbeb4b5143d9e72cddcddfab9"},
    {file = "asammdf-7.3.12-cp38-cp38-macosx_10_9_x86_64.whl", hash = "sha256:c133e7f6aba6ed001f99f0ea2604188449e70d0189d01c3cacb21c5cd7aa07b1"},
    {file = "asammdf-7.3.12-cp38-cp38-manylinux_2_17_x86_64.manylinux2014_x86_64.whl", hash = "sha256:25b5fdd5b7fd0cf3641cc66a9fa497b629258ddb998b479082bac81fe7fa1117"},
    {file = "asammdf-7.3.12-cp38-cp38-win_amd64.whl", hash = "sha256:e8951b144313c5661ff1068bc3f320eb98245ffd14c7efc035243083e8369ddf"},
    {file = "asammdf-7.3.12-cp39-cp39-macosx_10_9_x86_64.whl", hash = "sha256:d21efbe8d4202f8b0ca9fd9699846fcfd8315cfdd3ba3f242f7e8923139d9b7d"},
    {file = "asammdf-7.3.12-cp39-cp39-manylinux_2_17_x86_64.manylinux2014_x86_64.whl", hash = "sha256:e618715109ea7171b9527a3489c3fbf31277cf23502a254e42845761275f0159"},
    {file = "asammdf-7.3.12-cp39-cp39-win_amd64.whl", hash = "sha256:4f05853c4e841ecef1f8a6b3c92c7b096156837c6375cd85ea520169462f0dcf"},
    {file = "asammdf-7.3.12.tar.gz", hash = "sha256:cf58d64d4733fccfbe259ca497ec5392c671c6e3eeda429d059068e2b23c6f3c"},
]

[package.dependencies]
canmatrix = {version = ">=0.8", extras = ["arxml", "dbc"]}
isal = {version = "*", markers = "platform_machine == \"x86_64\" or platform_machine == \"AMD64\""}
lz4 = "*"
numexpr = "*"
numpy = ">=1.23.0"
pandas = "*"
python-dateutil = "*"
typing-extensions = "*"

[package.extras]
decode = ["cChardet (==2.1.5)", "chardet"]
encryption = ["cryptography", "keyring"]
export = ["fastparquet", "h5py", "hdf5storage (>=0.1.17)", "python-snappy"]
export-matlab-v5 = ["scipy"]
filesystem = ["fsspec"]
gui = ["PySide6", "lxml", "natsort", "psutil", "pyqtgraph (>=0.12.4)", "pyqtlet2 (>=0.8.0)"]
symbolic-math = ["numexpr3"]

[[package]]
name = "attrs"
version = "23.1.0"
description = "Classes Without Boilerplate"
category = "main"
optional = false
python-versions = ">=3.7"
files = [
    {file = "attrs-23.1.0-py3-none-any.whl", hash = "sha256:1f28b4522cdc2fb4256ac1a020c78acf9cba2c6b461ccd2c126f3aa8e8335d04"},
    {file = "attrs-23.1.0.tar.gz", hash = "sha256:6279836d581513a26f1bf235f9acd333bc9115683f14f7e8fae46c98fc50e015"},
]

[package.extras]
cov = ["attrs[tests]", "coverage[toml] (>=5.3)"]
dev = ["attrs[docs,tests]", "pre-commit"]
docs = ["furo", "myst-parser", "sphinx", "sphinx-notfound-page", "sphinxcontrib-towncrier", "towncrier", "zope-interface"]
tests = ["attrs[tests-no-zope]", "zope-interface"]
tests-no-zope = ["cloudpickle", "hypothesis", "mypy (>=1.1.1)", "pympler", "pytest (>=4.3.0)", "pytest-mypy-plugins", "pytest-xdist[psutil]"]

[[package]]
name = "canmatrix"
version = "0.9.5"
description = ""
category = "main"
optional = false
python-versions = "*"
files = [
    {file = "canmatrix-0.9.5-py2.py3-none-any.whl", hash = "sha256:a51e91a3031b664f1647adef57b2f5d2f6ba7237b99267688a8822d6ed51fd4c"},
    {file = "canmatrix-0.9.5.tar.gz", hash = "sha256:3fbfffe4e0ca348722bacdc46dbd1e7a64205842a937dfc05ef31815abae292d"},
]

[package.dependencies]
attrs = ">=19.2.0"
click = "*"
future = "*"
lxml = {version = "*", optional = true, markers = "extra == \"arxml\""}
six = "*"

[package.extras]
arxml = ["lxml"]
fibex = ["lxml"]
kcd = ["lxml"]
ldf = ["ldfparser"]
odx = ["lxml"]
test = ["pathlib2", "pytest"]
xls = ["xlrd", "xlwt"]
xlsx = ["xlsxwriter"]
yaml = ["pyyaml"]

[[package]]
name = "click"
version = "8.1.3"
description = "Composable command line interface toolkit"
category = "main"
optional = false
python-versions = ">=3.7"
files = [
    {file = "click-8.1.3-py3-none-any.whl", hash = "sha256:bb4d8133cb15a609f44e8213d9b391b0809795062913b383c62be0ee95b1db48"},
    {file = "click-8.1.3.tar.gz", hash = "sha256:7682dc8afb30297001674575ea00d1814d808d6a36af415a82bd481d37ba7b8e"},
]

[package.dependencies]
colorama = {version = "*", markers = "platform_system == \"Windows\""}

[[package]]
name = "colorama"
version = "0.4.6"
description = "Cross-platform colored terminal text."
category = "main"
optional = false
python-versions = "!=3.0.*,!=3.1.*,!=3.2.*,!=3.3.*,!=3.4.*,!=3.5.*,!=3.6.*,>=2.7"
files = [
    {file = "colorama-0.4.6-py2.py3-none-any.whl", hash = "sha256:4f1d9991f5acc0ca119f9d443620b77f9d6b33703e51011c16baf57afb285fc6"},
    {file = "colorama-0.4.6.tar.gz", hash = "sha256:08695f5cb7ed6e0531a20572697297273c47b8cae5a63ffc6d6ed5c201be6e44"},
]

[[package]]
name = "future"
version = "0.18.3"
description = "Clean single-source support for Python 3 and 2"
category = "main"
optional = false
python-versions = ">=2.6, !=3.0.*, !=3.1.*, !=3.2.*"
files = [
    {file = "future-0.18.3.tar.gz", hash = "sha256:34a17436ed1e96697a86f9de3d15a3b0be01d8bc8de9c1dffd59fb8234ed5307"},
]

[[package]]
name = "isal"
version = "1.1.0"
description = "Faster zlib and gzip compatible compression and decompression by providing python bindings for the ISA-L library."
category = "main"
optional = false
python-versions = ">=3.7"
files = [
    {file = "isal-1.1.0-cp310-cp310-macosx_10_9_x86_64.whl", hash = "sha256:03667ba285b58be34b6eb62115162809f7fc681202e03f35bf64ee3af03f7f36"},
    {file = "isal-1.1.0-cp310-cp310-manylinux_2_17_aarch64.manylinux2014_aarch64.whl", hash = "sha256:2a17874d46ed71b1a7f76b5388232fc1e1af7f78664e86bf985db37892848fa8"},
    {file = "isal-1.1.0-cp310-cp310-manylinux_2_17_x86_64.manylinux2014_x86_64.whl", hash = "sha256:e4ffed7d9c377fe65fa4f5fa5811a2f61dc573c02c0bbdbbe392bca7ed4bb1a4"},
    {file = "isal-1.1.0-cp310-cp310-musllinux_1_1_aarch64.whl", hash = "sha256:8901922f21136746375df791c32c50019fe591fda728123987d6308e46531e6b"},
    {file = "isal-1.1.0-cp310-cp310-musllinux_1_1_x86_64.whl", hash = "sha256:3a49605ab48327395d982baf8c12041edf6b266114e91366b70c93b1966b0105"},
    {file = "isal-1.1.0-cp310-cp310-win_amd64.whl", hash = "sha256:a31c66e04083326f25b63c0a792590999d34032eb8b1be30b4499e0f7246646e"},
    {file = "isal-1.1.0-cp311-cp311-macosx_10_9_x86_64.whl", hash = "sha256:91108e08b81670d5138d6eba12474fe0351f76381d703d22943b490450c6a746"},
    {file = "isal-1.1.0-cp311-cp311-manylinux_2_17_aarch64.manylinux2014_aarch64.whl", hash = "sha256:8322438878ad02fa213f22f54f9b636b0fb8be76de72e69bef3eaf0251d75658"},
    {file = "isal-1.1.0-cp311-cp311-manylinux_2_17_x86_64.manylinux2014_x86_64.whl", hash = "sha256:53ea97dfd273e5af96b92d4ac592d0d325c07c5075ad10fa983e6c4e603652a9"},
    {file = "isal-1.1.0-cp311-cp311-musllinux_1_1_aarch64.whl", hash = "sha256:7afda28564ecd9d58d418ff870a0181ce9941fbe92b71ee79ba07db26a5e784d"},
    {file = "isal-1.1.0-cp311-cp311-musllinux_1_1_x86_64.whl", hash = "sha256:e016bc4b919c069e082c27ec292e707b020a42779a8b878a83153b85df801c16"},
    {file = "isal-1.1.0-cp311-cp311-win_amd64.whl", hash = "sha256:d1aaf7c3227ba1cd25eb1dc4e22583ca5442e92f9b917a6055678f61c134322c"},
    {file = "isal-1.1.0-cp37-cp37m-macosx_10_9_x86_64.whl", hash = "sha256:571af022daee2f3d12ff30ae0375a32fe578a70ffde2a28ad1f567983057f9c5"},
    {file = "isal-1.1.0-cp37-cp37m-manylinux_2_17_aarch64.manylinux2014_aarch64.whl", hash = "sha256:4ff1a35488e166f978e44a94262cbda56ae86e385be1d5ebce225450cc882785"},
    {file = "isal-1.1.0-cp37-cp37m-manylinux_2_17_x86_64.manylinux2014_x86_64.whl", hash = "sha256:34b2a0139492df5de8f44dd474948e3c987721dd8fb3f8c2fc935af6389f4de7"},
    {file = "isal-1.1.0-cp37-cp37m-musllinux_1_1_aarch64.whl", hash = "sha256:139281e9e7b108bdc4c257f024def2f76dcbf58ccc5958c982c465c4644f8294"},
    {file = "isal-1.1.0-cp37-cp37m-musllinux_1_1_x86_64.whl", hash = "sha256:f314e990a3ab144878cab7994d5702a383c9659adfb5bc2af40a0142fd880e5c"},
    {file = "isal-1.1.0-cp37-cp37m-win_amd64.whl", hash = "sha256:115503ac706ee5c42bdf760d362013838f4254a64638933842759202abd5855a"},
    {file = "isal-1.1.0-cp38-cp38-macosx_10_9_x86_64.whl", hash = "sha256:43cf47e2bbf90237a9a0a0a2b38a0fe3ef4fc8f60483a7b4fe559463f93f967d"},
    {file = "isal-1.1.0-cp38-cp38-manylinux_2_17_aarch64.manylinux2014_aarch64.whl", hash = "sha256:9a25433c9c2cb6bfd0739506c3ccfdd629d755988ceb75c1ca9730091df17974"},
    {file = "isal-1.1.0-cp38-cp38-manylinux_2_17_x86_64.manylinux2014_x86_64.whl", hash = "sha256:583baa0308997f83225edbf8b6ba48ff217f5d26486c44f7ac695c9e04fc2ed0"},
    {file = "isal-1.1.0-cp38-cp38-musllinux_1_1_aarch64.whl", hash = "sha256:9ca8c6f3b8f75f5eea97036d43fb2c3c4eac5a70001500eb5fa67a8ac0fdc830"},
    {file = "isal-1.1.0-cp38-cp38-musllinux_1_1_x86_64.whl", hash = "sha256:5af9e10c6e8cb05d11f15b73e3ad8b475a4e488cf0d7323af7d989a02ef35d4c"},
    {file = "isal-1.1.0-cp38-cp38-win_amd64.whl", hash = "sha256:1fbca6a7ac71e1b2cc8901eff32868bc7cadb6edd8ed7c3cbe163a67ff1cb435"},
    {file = "isal-1.1.0-cp39-cp39-macosx_10_9_x86_64.whl", hash = "sha256:41df368a1e9ae63e9f587dd124572704aee0a046df9be192702e8036cf684b5f"},
    {file = "isal-1.1.0-cp39-cp39-manylinux_2_17_aarch64.manylinux2014_aarch64.whl", hash = "sha256:4f054a648e8389f3ff208dbcbc1a399b48980d45e03ce1df52a50c418f2ac0dc"},
    {file = "isal-1.1.0-cp39-cp39-manylinux_2_17_x86_64.manylinux2014_x86_64.whl", hash = "sha256:b55090be927c742a0f59096925f61b0fde7a010d4ac7ab955addfe27008ea116"},
    {file = "isal-1.1.0-cp39-cp39-musllinux_1_1_aarch64.whl", hash = "sha256:90e8c68d3f372071dfb29c607dd6a322ff0198b360d72702747565fad0e2e529"},
    {file = "isal-1.1.0-cp39-cp39-musllinux_1_1_x86_64.whl", hash = "sha256:3f3bd81ab5b15af7b55c2ac36ff15077d3799e56760096aff46db9ab49d4e986"},
    {file = "isal-1.1.0-cp39-cp39-win_amd64.whl", hash = "sha256:d4da884ab6fb5cab7b505f35f1e0991a63f4bf76c9e7e627b17a6e26416189de"},
    {file = "isal-1.1.0-pp37-pypy37_pp73-macosx_10_9_x86_64.whl", hash = "sha256:eabfde269c0fbdc4d6e4ffae561ac6abb319d5ba294a08d6fdfda589d3412b0f"},
    {file = "isal-1.1.0-pp37-pypy37_pp73-manylinux_2_17_aarch64.manylinux2014_aarch64.whl", hash = "sha256:a7edce3d867025338e96ae97a9c8608b383f87ee77e36ae90db1f32378a4a96e"},
    {file = "isal-1.1.0-pp37-pypy37_pp73-manylinux_2_17_x86_64.manylinux2014_x86_64.whl", hash = "sha256:59146ce32c146b215eaf567f9f5fe142613ab63fca454d1060ba713ece77b3a4"},
    {file = "isal-1.1.0-pp37-pypy37_pp73-win_amd64.whl", hash = "sha256:96d20c9bb6d4d0ec399f8cf60ba1d6e656949dd29ad2bda765b1efb638470d8b"},
    {file = "isal-1.1.0-pp38-pypy38_pp73-macosx_10_9_x86_64.whl", hash = "sha256:815d6f13091681d79428f87e4a9300226f7d703698b2a1badee2ffb827ad09e0"},
    {file = "isal-1.1.0-pp38-pypy38_pp73-manylinux_2_17_aarch64.manylinux2014_aarch64.whl", hash = "sha256:d1e890ed8fc3f56e1727af0e4e4b24ca87fc92b07eac663d183e76126ecaf87c"},
    {file = "isal-1.1.0-pp38-pypy38_pp73-manylinux_2_17_x86_64.manylinux2014_x86_64.whl", hash = "sha256:bb25cb61fb52fc0cc390140539f8093f3266eef1eaa079f116780f9f9f62c075"},
    {file = "isal-1.1.0-pp38-pypy38_pp73-win_amd64.whl", hash = "sha256:ea71f29520e8a729ff081c2ea4e4e051fdd474b5fd06e2d0f783f0ba0d05cdf1"},
    {file = "isal-1.1.0-pp39-pypy39_pp73-macosx_10_9_x86_64.whl", hash = "sha256:f925462741c18a6011b8740f27eab8d6011c7bdf23299bcf34d8d2ab5f0fe3d6"},
    {file = "isal-1.1.0-pp39-pypy39_pp73-manylinux_2_17_aarch64.manylinux2014_aarch64.whl", hash = "sha256:ffebfe58927ef153a2c29e1fd03f9df7b4ca607ec243bcf954f078e2c84efa21"},
    {file = "isal-1.1.0-pp39-pypy39_pp73-manylinux_2_17_x86_64.manylinux2014_x86_64.whl", hash = "sha256:45a40535c0c3285c66cf686aab58518705c728f8aeb27a512a42efe18bea0f89"},
    {file = "isal-1.1.0-pp39-pypy39_pp73-win_amd64.whl", hash = "sha256:b07a2363520af1d94af94cbf4c362f3be3d0bfd0f07623939a4f3521d289f125"},
    {file = "isal-1.1.0.tar.gz", hash = "sha256:1364f4e3255a57d51c01422ab3ae785a43c076d516ebf49f6a25adecf8232105"},
]

[[package]]
name = "lxml"
version = "4.9.2"
description = "Powerful and Pythonic XML processing library combining libxml2/libxslt with the ElementTree API."
category = "main"
optional = false
python-versions = ">=2.7, !=3.0.*, !=3.1.*, !=3.2.*, !=3.3.*, != 3.4.*"
files = [
    {file = "lxml-4.9.2-cp27-cp27m-macosx_10_15_x86_64.whl", hash = "sha256:76cf573e5a365e790396a5cc2b909812633409306c6531a6877c59061e42c4f2"},
    {file = "lxml-4.9.2-cp27-cp27m-manylinux_2_5_i686.manylinux1_i686.whl", hash = "sha256:b1f42b6921d0e81b1bcb5e395bc091a70f41c4d4e55ba99c6da2b31626c44892"},
    {file = "lxml-4.9.2-cp27-cp27m-manylinux_2_5_x86_64.manylinux1_x86_64.whl", hash = "sha256:9f102706d0ca011de571de32c3247c6476b55bb6bc65a20f682f000b07a4852a"},
    {file = "lxml-4.9.2-cp27-cp27m-win32.whl", hash = "sha256:8d0b4612b66ff5d62d03bcaa043bb018f74dfea51184e53f067e6fdcba4bd8de"},
    {file = "lxml-4.9.2-cp27-cp27m-win_amd64.whl", hash = "sha256:4c8f293f14abc8fd3e8e01c5bd86e6ed0b6ef71936ded5bf10fe7a5efefbaca3"},
    {file = "lxml-4.9.2-cp27-cp27mu-manylinux_2_5_i686.manylinux1_i686.whl", hash = "sha256:2899456259589aa38bfb018c364d6ae7b53c5c22d8e27d0ec7609c2a1ff78b50"},
    {file = "lxml-4.9.2-cp27-cp27mu-manylinux_2_5_x86_64.manylinux1_x86_64.whl", hash = "sha256:6749649eecd6a9871cae297bffa4ee76f90b4504a2a2ab528d9ebe912b101975"},
    {file = "lxml-4.9.2-cp310-cp310-macosx_10_15_x86_64.whl", hash = "sha256:a08cff61517ee26cb56f1e949cca38caabe9ea9fbb4b1e10a805dc39844b7d5c"},
    {file = "lxml-4.9.2-cp310-cp310-manylinux_2_12_i686.manylinux2010_i686.manylinux_2_24_i686.whl", hash = "sha256:85cabf64adec449132e55616e7ca3e1000ab449d1d0f9d7f83146ed5bdcb6d8a"},
    {file = "lxml-4.9.2-cp310-cp310-manylinux_2_17_aarch64.manylinux2014_aarch64.manylinux_2_24_aarch64.whl", hash = "sha256:8340225bd5e7a701c0fa98284c849c9b9fc9238abf53a0ebd90900f25d39a4e4"},
    {file = "lxml-4.9.2-cp310-cp310-manylinux_2_17_x86_64.manylinux2014_x86_64.manylinux_2_24_x86_64.whl", hash = "sha256:1ab8f1f932e8f82355e75dda5413a57612c6ea448069d4fb2e217e9a4bed13d4"},
    {file = "lxml-4.9.2-cp310-cp310-musllinux_1_1_aarch64.whl", hash = "sha256:699a9af7dffaf67deeae27b2112aa06b41c370d5e7633e0ee0aea2e0b6c211f7"},
    {file = "lxml-4.9.2-cp310-cp310-musllinux_1_1_x86_64.whl", hash = "sha256:b9cc34af337a97d470040f99ba4282f6e6bac88407d021688a5d585e44a23184"},
    {file = "lxml-4.9.2-cp310-cp310-win32.whl", hash = "sha256:d02a5399126a53492415d4906ab0ad0375a5456cc05c3fc0fc4ca11771745cda"},
    {file = "lxml-4.9.2-cp310-cp310-win_amd64.whl", hash = "sha256:a38486985ca49cfa574a507e7a2215c0c780fd1778bb6290c21193b7211702ab"},
    {file = "lxml-4.9.2-cp311-cp311-manylinux_2_12_i686.manylinux2010_i686.manylinux_2_24_i686.whl", hash = "sha256:c83203addf554215463b59f6399835201999b5e48019dc17f182ed5ad87205c9"},
    {file = "lxml-4.9.2-cp311-cp311-manylinux_2_17_aarch64.manylinux2014_aarch64.manylinux_2_24_aarch64.whl", hash = "sha256:2a87fa548561d2f4643c99cd13131acb607ddabb70682dcf1dff5f71f781a4bf"},
    {file = "lxml-4.9.2-cp311-cp311-manylinux_2_17_x86_64.manylinux2014_x86_64.manylinux_2_24_x86_64.whl", hash = "sha256:d6b430a9938a5a5d85fc107d852262ddcd48602c120e3dbb02137c83d212b380"},
    {file = "lxml-4.9.2-cp311-cp311-musllinux_1_1_aarch64.whl", hash = "sha256:3efea981d956a6f7173b4659849f55081867cf897e719f57383698af6f618a92"},
    {file = "lxml-4.9.2-cp311-cp311-musllinux_1_1_x86_64.whl", hash = "sha256:df0623dcf9668ad0445e0558a21211d4e9a149ea8f5666917c8eeec515f0a6d1"},
    {file = "lxml-4.9.2-cp311-cp311-win32.whl", hash = "sha256:da248f93f0418a9e9d94b0080d7ebc407a9a5e6d0b57bb30db9b5cc28de1ad33"},
    {file = "lxml-4.9.2-cp311-cp311-win_amd64.whl", hash = "sha256:3818b8e2c4b5148567e1b09ce739006acfaa44ce3156f8cbbc11062994b8e8dd"},
    {file = "lxml-4.9.2-cp35-cp35m-manylinux_2_5_i686.manylinux1_i686.whl", hash = "sha256:ca989b91cf3a3ba28930a9fc1e9aeafc2a395448641df1f387a2d394638943b0"},
    {file = "lxml-4.9.2-cp35-cp35m-manylinux_2_5_x86_64.manylinux1_x86_64.whl", hash = "sha256:822068f85e12a6e292803e112ab876bc03ed1f03dddb80154c395f891ca6b31e"},
    {file = "lxml-4.9.2-cp35-cp35m-win32.whl", hash = "sha256:be7292c55101e22f2a3d4d8913944cbea71eea90792bf914add27454a13905df"},
    {file = "lxml-4.9.2-cp35-cp35m-win_amd64.whl", hash = "sha256:998c7c41910666d2976928c38ea96a70d1aa43be6fe502f21a651e17483a43c5"},
    {file = "lxml-4.9.2-cp36-cp36m-macosx_10_15_x86_64.whl", hash = "sha256:b26a29f0b7fc6f0897f043ca366142d2b609dc60756ee6e4e90b5f762c6adc53"},
    {file = "lxml-4.9.2-cp36-cp36m-manylinux_2_12_i686.manylinux2010_i686.manylinux_2_24_i686.whl", hash = "sha256:ab323679b8b3030000f2be63e22cdeea5b47ee0abd2d6a1dc0c8103ddaa56cd7"},
    {file = "lxml-4.9.2-cp36-cp36m-manylinux_2_17_aarch64.manylinux2014_aarch64.whl", hash = "sha256:689bb688a1db722485e4610a503e3e9210dcc20c520b45ac8f7533c837be76fe"},
    {file = "lxml-4.9.2-cp36-cp36m-manylinux_2_17_x86_64.manylinux2014_x86_64.manylinux_2_24_x86_64.whl", hash = "sha256:f49e52d174375a7def9915c9f06ec4e569d235ad428f70751765f48d5926678c"},
    {file = "lxml-4.9.2-cp36-cp36m-manylinux_2_5_i686.manylinux1_i686.whl", hash = "sha256:36c3c175d34652a35475a73762b545f4527aec044910a651d2bf50de9c3352b1"},
    {file = "lxml-4.9.2-cp36-cp36m-manylinux_2_5_x86_64.manylinux1_x86_64.whl", hash = "sha256:a35f8b7fa99f90dd2f5dc5a9fa12332642f087a7641289ca6c40d6e1a2637d8e"},
    {file = "lxml-4.9.2-cp36-cp36m-musllinux_1_1_aarch64.whl", hash = "sha256:58bfa3aa19ca4c0f28c5dde0ff56c520fbac6f0daf4fac66ed4c8d2fb7f22e74"},
    {file = "lxml-4.9.2-cp36-cp36m-musllinux_1_1_x86_64.whl", hash = "sha256:bc718cd47b765e790eecb74d044cc8d37d58562f6c314ee9484df26276d36a38"},
    {file = "lxml-4.9.2-cp36-cp36m-win32.whl", hash = "sha256:d5bf6545cd27aaa8a13033ce56354ed9e25ab0e4ac3b5392b763d8d04b08e0c5"},
    {file = "lxml-4.9.2-cp36-cp36m-win_amd64.whl", hash = "sha256:3ab9fa9d6dc2a7f29d7affdf3edebf6ece6fb28a6d80b14c3b2fb9d39b9322c3"},
    {file = "lxml-4.9.2-cp37-cp37m-macosx_10_15_x86_64.whl", hash = "sha256:05ca3f6abf5cf78fe053da9b1166e062ade3fa5d4f92b4ed688127ea7d7b1d03"},
    {file = "lxml-4.9.2-cp37-cp37m-manylinux_2_12_i686.manylinux2010_i686.manylinux_2_24_i686.whl", hash = "sha256:a5da296eb617d18e497bcf0a5c528f5d3b18dadb3619fbdadf4ed2356ef8d941"},
    {file = "lxml-4.9.2-cp37-cp37m-manylinux_2_17_aarch64.manylinux2014_aarch64.manylinux_2_24_aarch64.whl", hash = "sha256:04876580c050a8c5341d706dd464ff04fd597095cc8c023252566a8826505726"},
    {file = "lxml-4.9.2-cp37-cp37m-manylinux_2_17_x86_64.manylinux2014_x86_64.manylinux_2_24_x86_64.whl", hash = "sha256:c9ec3eaf616d67db0764b3bb983962b4f385a1f08304fd30c7283954e6a7869b"},
    {file = "lxml-4.9.2-cp37-cp37m-manylinux_2_5_i686.manylinux1_i686.whl", hash = "sha256:2a29ba94d065945944016b6b74e538bdb1751a1db6ffb80c9d3c2e40d6fa9894"},
    {file = "lxml-4.9.2-cp37-cp37m-manylinux_2_5_x86_64.manylinux1_x86_64.whl", hash = "sha256:a82d05da00a58b8e4c0008edbc8a4b6ec5a4bc1e2ee0fb6ed157cf634ed7fa45"},
    {file = "lxml-4.9.2-cp37-cp37m-musllinux_1_1_aarch64.whl", hash = "sha256:223f4232855ade399bd409331e6ca70fb5578efef22cf4069a6090acc0f53c0e"},
    {file = "lxml-4.9.2-cp37-cp37m-musllinux_1_1_x86_64.whl", hash = "sha256:d17bc7c2ccf49c478c5bdd447594e82692c74222698cfc9b5daae7ae7e90743b"},
    {file = "lxml-4.9.2-cp37-cp37m-win32.whl", hash = "sha256:b64d891da92e232c36976c80ed7ebb383e3f148489796d8d31a5b6a677825efe"},
    {file = "lxml-4.9.2-cp37-cp37m-win_amd64.whl", hash = "sha256:a0a336d6d3e8b234a3aae3c674873d8f0e720b76bc1d9416866c41cd9500ffb9"},
    {file = "lxml-4.9.2-cp38-cp38-macosx_10_15_x86_64.whl", hash = "sha256:da4dd7c9c50c059aba52b3524f84d7de956f7fef88f0bafcf4ad7dde94a064e8"},
    {file = "lxml-4.9.2-cp38-cp38-manylinux_2_12_i686.manylinux2010_i686.manylinux_2_24_i686.whl", hash = "sha256:821b7f59b99551c69c85a6039c65b75f5683bdc63270fec660f75da67469ca24"},
    {file = "lxml-4.9.2-cp38-cp38-manylinux_2_17_aarch64.manylinux2014_aarch64.manylinux_2_24_aarch64.whl", hash = "sha256:e5168986b90a8d1f2f9dc1b841467c74221bd752537b99761a93d2d981e04889"},
    {file = "lxml-4.9.2-cp38-cp38-manylinux_2_17_x86_64.manylinux2014_x86_64.manylinux_2_24_x86_64.whl", hash = "sha256:8e20cb5a47247e383cf4ff523205060991021233ebd6f924bca927fcf25cf86f"},
    {file = "lxml-4.9.2-cp38-cp38-manylinux_2_5_i686.manylinux1_i686.whl", hash = "sha256:13598ecfbd2e86ea7ae45ec28a2a54fb87ee9b9fdb0f6d343297d8e548392c03"},
    {file = "lxml-4.9.2-cp38-cp38-manylinux_2_5_x86_64.manylinux1_x86_64.whl", hash = "sha256:880bbbcbe2fca64e2f4d8e04db47bcdf504936fa2b33933efd945e1b429bea8c"},
    {file = "lxml-4.9.2-cp38-cp38-musllinux_1_1_aarch64.whl", hash = "sha256:7d2278d59425777cfcb19735018d897ca8303abe67cc735f9f97177ceff8027f"},
    {file = "lxml-4.9.2-cp38-cp38-musllinux_1_1_x86_64.whl", hash = "sha256:5344a43228767f53a9df6e5b253f8cdca7dfc7b7aeae52551958192f56d98457"},
    {file = "lxml-4.9.2-cp38-cp38-win32.whl", hash = "sha256:925073b2fe14ab9b87e73f9a5fde6ce6392da430f3004d8b72cc86f746f5163b"},
    {file = "lxml-4.9.2-cp38-cp38-win_amd64.whl", hash = "sha256:9b22c5c66f67ae00c0199f6055705bc3eb3fcb08d03d2ec4059a2b1b25ed48d7"},
    {file = "lxml-4.9.2-cp39-cp39-macosx_10_15_x86_64.whl", hash = "sha256:5f50a1c177e2fa3ee0667a5ab79fdc6b23086bc8b589d90b93b4bd17eb0e64d1"},
    {file = "lxml-4.9.2-cp39-cp39-manylinux_2_12_i686.manylinux2010_i686.manylinux_2_24_i686.whl", hash = "sha256:090c6543d3696cbe15b4ac6e175e576bcc3f1ccfbba970061b7300b0c15a2140"},
    {file = "lxml-4.9.2-cp39-cp39-manylinux_2_17_aarch64.manylinux2014_aarch64.manylinux_2_24_aarch64.whl", hash = "sha256:63da2ccc0857c311d764e7d3d90f429c252e83b52d1f8f1d1fe55be26827d1f4"},
    {file = "lxml-4.9.2-cp39-cp39-manylinux_2_17_x86_64.manylinux2014_x86_64.manylinux_2_24_x86_64.whl", hash = "sha256:5b4545b8a40478183ac06c073e81a5ce4cf01bf1734962577cf2bb569a5b3bbf"},
    {file = "lxml-4.9.2-cp39-cp39-manylinux_2_5_i686.manylinux1_i686.whl", hash = "sha256:2e430cd2824f05f2d4f687701144556646bae8f249fd60aa1e4c768ba7018947"},
    {file = "lxml-4.9.2-cp39-cp39-manylinux_2_5_x86_64.manylinux1_x86_64.whl", hash = "sha256:6804daeb7ef69e7b36f76caddb85cccd63d0c56dedb47555d2fc969e2af6a1a5"},
    {file = "lxml-4.9.2-cp39-cp39-musllinux_1_1_aarch64.whl", hash = "sha256:a6e441a86553c310258aca15d1c05903aaf4965b23f3bc2d55f200804e005ee5"},
    {file = "lxml-4.9.2-cp39-cp39-musllinux_1_1_x86_64.whl", hash = "sha256:ca34efc80a29351897e18888c71c6aca4a359247c87e0b1c7ada14f0ab0c0fb2"},
    {file = "lxml-4.9.2-cp39-cp39-win32.whl", hash = "sha256:6b418afe5df18233fc6b6093deb82a32895b6bb0b1155c2cdb05203f583053f1"},
    {file = "lxml-4.9.2-cp39-cp39-win_amd64.whl", hash = "sha256:f1496ea22ca2c830cbcbd473de8f114a320da308438ae65abad6bab7867fe38f"},
    {file = "lxml-4.9.2-pp37-pypy37_pp73-manylinux_2_12_i686.manylinux2010_i686.manylinux_2_24_i686.whl", hash = "sha256:b264171e3143d842ded311b7dccd46ff9ef34247129ff5bf5066123c55c2431c"},
    {file = "lxml-4.9.2-pp37-pypy37_pp73-manylinux_2_17_x86_64.manylinux2014_x86_64.manylinux_2_24_x86_64.whl", hash = "sha256:0dc313ef231edf866912e9d8f5a042ddab56c752619e92dfd3a2c277e6a7299a"},
    {file = "lxml-4.9.2-pp38-pypy38_pp73-macosx_10_15_x86_64.whl", hash = "sha256:16efd54337136e8cd72fb9485c368d91d77a47ee2d42b057564aae201257d419"},
    {file = "lxml-4.9.2-pp38-pypy38_pp73-manylinux_2_12_i686.manylinux2010_i686.manylinux_2_24_i686.whl", hash = "sha256:0f2b1e0d79180f344ff9f321327b005ca043a50ece8713de61d1cb383fb8ac05"},
    {file = "lxml-4.9.2-pp38-pypy38_pp73-manylinux_2_17_x86_64.manylinux2014_x86_64.manylinux_2_24_x86_64.whl", hash = "sha256:7b770ed79542ed52c519119473898198761d78beb24b107acf3ad65deae61f1f"},
    {file = "lxml-4.9.2-pp38-pypy38_pp73-win_amd64.whl", hash = "sha256:efa29c2fe6b4fdd32e8ef81c1528506895eca86e1d8c4657fda04c9b3786ddf9"},
    {file = "lxml-4.9.2-pp39-pypy39_pp73-macosx_10_15_x86_64.whl", hash = "sha256:7e91ee82f4199af8c43d8158024cbdff3d931df350252288f0d4ce656df7f3b5"},
    {file = "lxml-4.9.2-pp39-pypy39_pp73-manylinux_2_12_i686.manylinux2010_i686.manylinux_2_24_i686.whl", hash = "sha256:b23e19989c355ca854276178a0463951a653309fb8e57ce674497f2d9f208746"},
    {file = "lxml-4.9.2-pp39-pypy39_pp73-manylinux_2_17_x86_64.manylinux2014_x86_64.manylinux_2_24_x86_64.whl", hash = "sha256:01d36c05f4afb8f7c20fd9ed5badca32a2029b93b1750f571ccc0b142531caf7"},
    {file = "lxml-4.9.2-pp39-pypy39_pp73-win_amd64.whl", hash = "sha256:7b515674acfdcadb0eb5d00d8a709868173acece5cb0be3dd165950cbfdf5409"},
    {file = "lxml-4.9.2.tar.gz", hash = "sha256:2455cfaeb7ac70338b3257f41e21f0724f4b5b0c0e7702da67ee6c3640835b67"},
]

[package.extras]
cssselect = ["cssselect (>=0.7)"]
html5 = ["html5lib"]
htmlsoup = ["BeautifulSoup4"]
source = ["Cython (>=0.29.7)"]

[[package]]
name = "lz4"
version = "4.3.2"
description = "LZ4 Bindings for Python"
category = "main"
optional = false
python-versions = ">=3.7"
files = [
    {file = "lz4-4.3.2-cp310-cp310-macosx_10_9_x86_64.whl", hash = "sha256:1c4c100d99eed7c08d4e8852dd11e7d1ec47a3340f49e3a96f8dfbba17ffb300"},
    {file = "lz4-4.3.2-cp310-cp310-macosx_11_0_arm64.whl", hash = "sha256:edd8987d8415b5dad25e797043936d91535017237f72fa456601be1479386c92"},
    {file = "lz4-4.3.2-cp310-cp310-manylinux_2_17_aarch64.manylinux2014_aarch64.whl", hash = "sha256:f7c50542b4ddceb74ab4f8b3435327a0861f06257ca501d59067a6a482535a77"},
    {file = "lz4-4.3.2-cp310-cp310-manylinux_2_17_x86_64.manylinux2014_x86_64.whl", hash = "sha256:0f5614d8229b33d4a97cb527db2a1ac81308c6e796e7bdb5d1309127289f69d5"},
    {file = "lz4-4.3.2-cp310-cp310-manylinux_2_5_i686.manylinux1_i686.manylinux_2_17_i686.manylinux2014_i686.whl", hash = "sha256:8f00a9ba98f6364cadda366ae6469b7b3568c0cced27e16a47ddf6b774169270"},
    {file = "lz4-4.3.2-cp310-cp310-win32.whl", hash = "sha256:b10b77dc2e6b1daa2f11e241141ab8285c42b4ed13a8642495620416279cc5b2"},
    {file = "lz4-4.3.2-cp310-cp310-win_amd64.whl", hash = "sha256:86480f14a188c37cb1416cdabacfb4e42f7a5eab20a737dac9c4b1c227f3b822"},
    {file = "lz4-4.3.2-cp311-cp311-macosx_10_9_x86_64.whl", hash = "sha256:7c2df117def1589fba1327dceee51c5c2176a2b5a7040b45e84185ce0c08b6a3"},
    {file = "lz4-4.3.2-cp311-cp311-macosx_11_0_arm64.whl", hash = "sha256:1f25eb322eeb24068bb7647cae2b0732b71e5c639e4e4026db57618dcd8279f0"},
    {file = "lz4-4.3.2-cp311-cp311-manylinux_2_17_aarch64.manylinux2014_aarch64.whl", hash = "sha256:8df16c9a2377bdc01e01e6de5a6e4bbc66ddf007a6b045688e285d7d9d61d1c9"},
    {file = "lz4-4.3.2-cp311-cp311-manylinux_2_17_x86_64.manylinux2014_x86_64.whl", hash = "sha256:f571eab7fec554d3b1db0d666bdc2ad85c81f4b8cb08906c4c59a8cad75e6e22"},
    {file = "lz4-4.3.2-cp311-cp311-manylinux_2_5_i686.manylinux1_i686.manylinux_2_17_i686.manylinux2014_i686.whl", hash = "sha256:7211dc8f636ca625abc3d4fb9ab74e5444b92df4f8d58ec83c8868a2b0ff643d"},
    {file = "lz4-4.3.2-cp311-cp311-win32.whl", hash = "sha256:867664d9ca9bdfce840ac96d46cd8838c9ae891e859eb98ce82fcdf0e103a947"},
    {file = "lz4-4.3.2-cp311-cp311-win_amd64.whl", hash = "sha256:a6a46889325fd60b8a6b62ffc61588ec500a1883db32cddee9903edfba0b7584"},
    {file = "lz4-4.3.2-cp37-cp37m-macosx_10_9_x86_64.whl", hash = "sha256:3a85b430138882f82f354135b98c320dafb96fc8fe4656573d95ab05de9eb092"},
    {file = "lz4-4.3.2-cp37-cp37m-manylinux_2_17_aarch64.manylinux2014_aarch64.whl", hash = "sha256:65d5c93f8badacfa0456b660285e394e65023ef8071142e0dcbd4762166e1be0"},
    {file = "lz4-4.3.2-cp37-cp37m-manylinux_2_17_x86_64.manylinux2014_x86_64.whl", hash = "sha256:6b50f096a6a25f3b2edca05aa626ce39979d63c3b160687c8c6d50ac3943d0ba"},
    {file = "lz4-4.3.2-cp37-cp37m-manylinux_2_5_i686.manylinux1_i686.manylinux_2_17_i686.manylinux2014_i686.whl", hash = "sha256:200d05777d61ba1ff8d29cb51c534a162ea0b4fe6d3c28be3571a0a48ff36080"},
    {file = "lz4-4.3.2-cp37-cp37m-win32.whl", hash = "sha256:edc2fb3463d5d9338ccf13eb512aab61937be50aa70734bcf873f2f493801d3b"},
    {file = "lz4-4.3.2-cp37-cp37m-win_amd64.whl", hash = "sha256:83acfacab3a1a7ab9694333bcb7950fbeb0be21660d236fd09c8337a50817897"},
    {file = "lz4-4.3.2-cp38-cp38-macosx_10_9_x86_64.whl", hash = "sha256:7a9eec24ec7d8c99aab54de91b4a5a149559ed5b3097cf30249b665689b3d402"},
    {file = "lz4-4.3.2-cp38-cp38-macosx_11_0_arm64.whl", hash = "sha256:31d72731c4ac6ebdce57cd9a5cabe0aecba229c4f31ba3e2c64ae52eee3fdb1c"},
    {file = "lz4-4.3.2-cp38-cp38-manylinux_2_17_aarch64.manylinux2014_aarch64.whl", hash = "sha256:83903fe6db92db0be101acedc677aa41a490b561567fe1b3fe68695b2110326c"},
    {file = "lz4-4.3.2-cp38-cp38-manylinux_2_17_x86_64.manylinux2014_x86_64.whl", hash = "sha256:926b26db87ec8822cf1870efc3d04d06062730ec3279bbbd33ba47a6c0a5c673"},
    {file = "lz4-4.3.2-cp38-cp38-manylinux_2_5_i686.manylinux1_i686.manylinux_2_17_i686.manylinux2014_i686.whl", hash = "sha256:e05afefc4529e97c08e65ef92432e5f5225c0bb21ad89dee1e06a882f91d7f5e"},
    {file = "lz4-4.3.2-cp38-cp38-win32.whl", hash = "sha256:ad38dc6a7eea6f6b8b642aaa0683253288b0460b70cab3216838747163fb774d"},
    {file = "lz4-4.3.2-cp38-cp38-win_amd64.whl", hash = "sha256:7e2dc1bd88b60fa09b9b37f08553f45dc2b770c52a5996ea52b2b40f25445676"},
    {file = "lz4-4.3.2-cp39-cp39-macosx_10_9_x86_64.whl", hash = "sha256:edda4fb109439b7f3f58ed6bede59694bc631c4b69c041112b1b7dc727fffb23"},
    {file = "lz4-4.3.2-cp39-cp39-macosx_11_0_arm64.whl", hash = "sha256:0ca83a623c449295bafad745dcd399cea4c55b16b13ed8cfea30963b004016c9"},
    {file = "lz4-4.3.2-cp39-cp39-manylinux_2_17_aarch64.manylinux2014_aarch64.whl", hash = "sha256:d5ea0e788dc7e2311989b78cae7accf75a580827b4d96bbaf06c7e5a03989bd5"},
    {file = "lz4-4.3.2-cp39-cp39-manylinux_2_17_x86_64.manylinux2014_x86_64.whl", hash = "sha256:a98b61e504fb69f99117b188e60b71e3c94469295571492a6468c1acd63c37ba"},
    {file = "lz4-4.3.2-cp39-cp39-manylinux_2_5_i686.manylinux1_i686.manylinux_2_17_i686.manylinux2014_i686.whl", hash = "sha256:4931ab28a0d1c133104613e74eec1b8bb1f52403faabe4f47f93008785c0b929"},
    {file = "lz4-4.3.2-cp39-cp39-win32.whl", hash = "sha256:ec6755cacf83f0c5588d28abb40a1ac1643f2ff2115481089264c7630236618a"},
    {file = "lz4-4.3.2-cp39-cp39-win_amd64.whl", hash = "sha256:4caedeb19e3ede6c7a178968b800f910db6503cb4cb1e9cc9221157572139b49"},
    {file = "lz4-4.3.2.tar.gz", hash = "sha256:e1431d84a9cfb23e6773e72078ce8e65cad6745816d4cbf9ae67da5ea419acda"},
]

[package.extras]
docs = ["sphinx (>=1.6.0)", "sphinx-bootstrap-theme"]
flake8 = ["flake8"]
tests = ["psutil", "pytest (!=3.3.0)", "pytest-cov"]

[[package]]
name = "numexpr"
version = "2.8.4"
description = "Fast numerical expression evaluator for NumPy"
category = "main"
optional = false
python-versions = ">=3.7"
files = [
    {file = "numexpr-2.8.4-cp310-cp310-macosx_10_9_x86_64.whl", hash = "sha256:a75967d46b6bd56455dd32da6285e5ffabe155d0ee61eef685bbfb8dafb2e484"},
    {file = "numexpr-2.8.4-cp310-cp310-macosx_11_0_arm64.whl", hash = "sha256:db93cf1842f068247de631bfc8af20118bf1f9447cd929b531595a5e0efc9346"},
    {file = "numexpr-2.8.4-cp310-cp310-manylinux_2_17_aarch64.manylinux2014_aarch64.whl", hash = "sha256:7bca95f4473b444428061d4cda8e59ac564dc7dc6a1dea3015af9805c6bc2946"},
    {file = "numexpr-2.8.4-cp310-cp310-manylinux_2_17_x86_64.manylinux2014_x86_64.whl", hash = "sha256:9e34931089a6bafc77aaae21f37ad6594b98aa1085bb8b45d5b3cd038c3c17d9"},
    {file = "numexpr-2.8.4-cp310-cp310-win32.whl", hash = "sha256:f3a920bfac2645017110b87ddbe364c9c7a742870a4d2f6120b8786c25dc6db3"},
    {file = "numexpr-2.8.4-cp310-cp310-win_amd64.whl", hash = "sha256:6931b1e9d4f629f43c14b21d44f3f77997298bea43790cfcdb4dd98804f90783"},
    {file = "numexpr-2.8.4-cp311-cp311-macosx_10_9_x86_64.whl", hash = "sha256:9400781553541f414f82eac056f2b4c965373650df9694286b9bd7e8d413f8d8"},
    {file = "numexpr-2.8.4-cp311-cp311-macosx_11_0_arm64.whl", hash = "sha256:6ee9db7598dd4001138b482342b96d78110dd77cefc051ec75af3295604dde6a"},
    {file = "numexpr-2.8.4-cp311-cp311-manylinux_2_17_aarch64.manylinux2014_aarch64.whl", hash = "sha256:ff5835e8af9a212e8480003d731aad1727aaea909926fd009e8ae6a1cba7f141"},
    {file = "numexpr-2.8.4-cp311-cp311-manylinux_2_17_x86_64.manylinux2014_x86_64.whl", hash = "sha256:655d84eb09adfee3c09ecf4a89a512225da153fdb7de13c447404b7d0523a9a7"},
    {file = "numexpr-2.8.4-cp311-cp311-win32.whl", hash = "sha256:5538b30199bfc68886d2be18fcef3abd11d9271767a7a69ff3688defe782800a"},
    {file = "numexpr-2.8.4-cp311-cp311-win_amd64.whl", hash = "sha256:3f039321d1c17962c33079987b675fb251b273dbec0f51aac0934e932446ccc3"},
    {file = "numexpr-2.8.4-cp37-cp37m-macosx_10_9_x86_64.whl", hash = "sha256:c867cc36cf815a3ec9122029874e00d8fbcef65035c4a5901e9b120dd5d626a2"},
    {file = "numexpr-2.8.4-cp37-cp37m-manylinux_2_17_aarch64.manylinux2014_aarch64.whl", hash = "sha256:059546e8f6283ccdb47c683101a890844f667fa6d56258d48ae2ecf1b3875957"},
    {file = "numexpr-2.8.4-cp37-cp37m-manylinux_2_17_x86_64.manylinux2014_x86_64.whl", hash = "sha256:845a6aa0ed3e2a53239b89c1ebfa8cf052d3cc6e053c72805e8153300078c0b1"},
    {file = "numexpr-2.8.4-cp37-cp37m-win32.whl", hash = "sha256:a38664e699526cb1687aefd9069e2b5b9387da7feac4545de446141f1ef86f46"},
    {file = "numexpr-2.8.4-cp37-cp37m-win_amd64.whl", hash = "sha256:eaec59e9bf70ff05615c34a8b8d6c7bd042bd9f55465d7b495ea5436f45319d0"},
    {file = "numexpr-2.8.4-cp38-cp38-macosx_10_9_x86_64.whl", hash = "sha256:b318541bf3d8326682ebada087ba0050549a16d8b3fa260dd2585d73a83d20a7"},
    {file = "numexpr-2.8.4-cp38-cp38-macosx_11_0_arm64.whl", hash = "sha256:b076db98ca65eeaf9bd224576e3ac84c05e451c0bd85b13664b7e5f7b62e2c70"},
    {file = "numexpr-2.8.4-cp38-cp38-manylinux_2_17_aarch64.manylinux2014_aarch64.whl", hash = "sha256:90f12cc851240f7911a47c91aaf223dba753e98e46dff3017282e633602e76a7"},
    {file = "numexpr-2.8.4-cp38-cp38-manylinux_2_17_x86_64.manylinux2014_x86_64.whl", hash = "sha256:6c368aa35ae9b18840e78b05f929d3a7b3abccdba9630a878c7db74ca2368339"},
    {file = "numexpr-2.8.4-cp38-cp38-win32.whl", hash = "sha256:b96334fc1748e9ec4f93d5fadb1044089d73fb08208fdb8382ed77c893f0be01"},
    {file = "numexpr-2.8.4-cp38-cp38-win_amd64.whl", hash = "sha256:a6d2d7740ae83ba5f3531e83afc4b626daa71df1ef903970947903345c37bd03"},
    {file = "numexpr-2.8.4-cp39-cp39-macosx_10_9_x86_64.whl", hash = "sha256:77898fdf3da6bb96aa8a4759a8231d763a75d848b2f2e5c5279dad0b243c8dfe"},
    {file = "numexpr-2.8.4-cp39-cp39-macosx_11_0_arm64.whl", hash = "sha256:df35324666b693f13a016bc7957de7cc4d8801b746b81060b671bf78a52b9037"},
    {file = "numexpr-2.8.4-cp39-cp39-manylinux_2_17_aarch64.manylinux2014_aarch64.whl", hash = "sha256:17ac9cfe6d0078c5fc06ba1c1bbd20b8783f28c6f475bbabd3cad53683075cab"},
    {file = "numexpr-2.8.4-cp39-cp39-manylinux_2_17_x86_64.manylinux2014_x86_64.whl", hash = "sha256:df3a1f6b24214a1ab826e9c1c99edf1686c8e307547a9aef33910d586f626d01"},
    {file = "numexpr-2.8.4-cp39-cp39-win32.whl", hash = "sha256:7d71add384adc9119568d7e9ffa8a35b195decae81e0abf54a2b7779852f0637"},
    {file = "numexpr-2.8.4-cp39-cp39-win_amd64.whl", hash = "sha256:9f096d707290a6a00b6ffdaf581ee37331109fb7b6c8744e9ded7c779a48e517"},
    {file = "numexpr-2.8.4.tar.gz", hash = "sha256:d5432537418d18691b9115d615d6daa17ee8275baef3edf1afbbf8bc69806147"},
]

[package.dependencies]
numpy = ">=1.13.3"

[[package]]
name = "numpy"
version = "1.24.3"
description = "Fundamental package for array computing in Python"
category = "main"
optional = false
python-versions = ">=3.8"
files = [
    {file = "numpy-1.24.3-cp310-cp310-macosx_10_9_x86_64.whl", hash = "sha256:3c1104d3c036fb81ab923f507536daedc718d0ad5a8707c6061cdfd6d184e570"},
    {file = "numpy-1.24.3-cp310-cp310-macosx_11_0_arm64.whl", hash = "sha256:202de8f38fc4a45a3eea4b63e2f376e5f2dc64ef0fa692838e31a808520efaf7"},
    {file = "numpy-1.24.3-cp310-cp310-manylinux_2_17_aarch64.manylinux2014_aarch64.whl", hash = "sha256:8535303847b89aa6b0f00aa1dc62867b5a32923e4d1681a35b5eef2d9591a463"},
    {file = "numpy-1.24.3-cp310-cp310-manylinux_2_17_x86_64.manylinux2014_x86_64.whl", hash = "sha256:2d926b52ba1367f9acb76b0df6ed21f0b16a1ad87c6720a1121674e5cf63e2b6"},
    {file = "numpy-1.24.3-cp310-cp310-win32.whl", hash = "sha256:f21c442fdd2805e91799fbe044a7b999b8571bb0ab0f7850d0cb9641a687092b"},
    {file = "numpy-1.24.3-cp310-cp310-win_amd64.whl", hash = "sha256:ab5f23af8c16022663a652d3b25dcdc272ac3f83c3af4c02eb8b824e6b3ab9d7"},
    {file = "numpy-1.24.3-cp311-cp311-macosx_10_9_x86_64.whl", hash = "sha256:9a7721ec204d3a237225db3e194c25268faf92e19338a35f3a224469cb6039a3"},
    {file = "numpy-1.24.3-cp311-cp311-macosx_11_0_arm64.whl", hash = "sha256:d6cc757de514c00b24ae8cf5c876af2a7c3df189028d68c0cb4eaa9cd5afc2bf"},
    {file = "numpy-1.24.3-cp311-cp311-manylinux_2_17_aarch64.manylinux2014_aarch64.whl", hash = "sha256:76e3f4e85fc5d4fd311f6e9b794d0c00e7002ec122be271f2019d63376f1d385"},
    {file = "numpy-1.24.3-cp311-cp311-manylinux_2_17_x86_64.manylinux2014_x86_64.whl", hash = "sha256:a1d3c026f57ceaad42f8231305d4653d5f05dc6332a730ae5c0bea3513de0950"},
    {file = "numpy-1.24.3-cp311-cp311-win32.whl", hash = "sha256:c91c4afd8abc3908e00a44b2672718905b8611503f7ff87390cc0ac3423fb096"},
    {file = "numpy-1.24.3-cp311-cp311-win_amd64.whl", hash = "sha256:5342cf6aad47943286afa6f1609cad9b4266a05e7f2ec408e2cf7aea7ff69d80"},
    {file = "numpy-1.24.3-cp38-cp38-macosx_10_9_x86_64.whl", hash = "sha256:7776ea65423ca6a15255ba1872d82d207bd1e09f6d0894ee4a64678dd2204078"},
    {file = "numpy-1.24.3-cp38-cp38-macosx_11_0_arm64.whl", hash = "sha256:ae8d0be48d1b6ed82588934aaaa179875e7dc4f3d84da18d7eae6eb3f06c242c"},
    {file = "numpy-1.24.3-cp38-cp38-manylinux_2_17_aarch64.manylinux2014_aarch64.whl", hash = "sha256:ecde0f8adef7dfdec993fd54b0f78183051b6580f606111a6d789cd14c61ea0c"},
    {file = "numpy-1.24.3-cp38-cp38-manylinux_2_17_x86_64.manylinux2014_x86_64.whl", hash = "sha256:4749e053a29364d3452c034827102ee100986903263e89884922ef01a0a6fd2f"},
    {file = "numpy-1.24.3-cp38-cp38-win32.whl", hash = "sha256:d933fabd8f6a319e8530d0de4fcc2e6a61917e0b0c271fded460032db42a0fe4"},
    {file = "numpy-1.24.3-cp38-cp38-win_amd64.whl", hash = "sha256:56e48aec79ae238f6e4395886b5eaed058abb7231fb3361ddd7bfdf4eed54289"},
    {file = "numpy-1.24.3-cp39-cp39-macosx_10_9_x86_64.whl", hash = "sha256:4719d5aefb5189f50887773699eaf94e7d1e02bf36c1a9d353d9f46703758ca4"},
    {file = "numpy-1.24.3-cp39-cp39-macosx_11_0_arm64.whl", hash = "sha256:0ec87a7084caa559c36e0a2309e4ecb1baa03b687201d0a847c8b0ed476a7187"},
    {file = "numpy-1.24.3-cp39-cp39-manylinux_2_17_aarch64.manylinux2014_aarch64.whl", hash = "sha256:ea8282b9bcfe2b5e7d491d0bf7f3e2da29700cec05b49e64d6246923329f2b02"},
    {file = "numpy-1.24.3-cp39-cp39-manylinux_2_17_x86_64.manylinux2014_x86_64.whl", hash = "sha256:210461d87fb02a84ef243cac5e814aad2b7f4be953b32cb53327bb49fd77fbb4"},
    {file = "numpy-1.24.3-cp39-cp39-win32.whl", hash = "sha256:784c6da1a07818491b0ffd63c6bbe5a33deaa0e25a20e1b3ea20cf0e43f8046c"},
    {file = "numpy-1.24.3-cp39-cp39-win_amd64.whl", hash = "sha256:d5036197ecae68d7f491fcdb4df90082b0d4960ca6599ba2659957aafced7c17"},
    {file = "numpy-1.24.3-pp38-pypy38_pp73-macosx_10_9_x86_64.whl", hash = "sha256:352ee00c7f8387b44d19f4cada524586f07379c0d49270f87233983bc5087ca0"},
    {file = "numpy-1.24.3-pp38-pypy38_pp73-manylinux_2_17_x86_64.manylinux2014_x86_64.whl", hash = "sha256:1a7d6acc2e7524c9955e5c903160aa4ea083736fde7e91276b0e5d98e6332812"},
    {file = "numpy-1.24.3-pp38-pypy38_pp73-win_amd64.whl", hash = "sha256:35400e6a8d102fd07c71ed7dcadd9eb62ee9a6e84ec159bd48c28235bbb0f8e4"},
    {file = "numpy-1.24.3.tar.gz", hash = "sha256:ab344f1bf21f140adab8e47fdbc7c35a477dc01408791f8ba00d018dd0bc5155"},
]

[[package]]
name = "pandas"
version = "2.0.1"
description = "Powerful data structures for data analysis, time series, and statistics"
category = "main"
optional = false
python-versions = ">=3.8"
files = [
    {file = "pandas-2.0.1-cp310-cp310-macosx_10_9_x86_64.whl", hash = "sha256:70a996a1d2432dadedbb638fe7d921c88b0cc4dd90374eab51bb33dc6c0c2a12"},
    {file = "pandas-2.0.1-cp310-cp310-macosx_11_0_arm64.whl", hash = "sha256:909a72b52175590debbf1d0c9e3e6bce2f1833c80c76d80bd1aa09188be768e5"},
    {file = "pandas-2.0.1-cp310-cp310-manylinux_2_17_aarch64.manylinux2014_aarch64.whl", hash = "sha256:fe7914d8ddb2d54b900cec264c090b88d141a1eed605c9539a187dbc2547f022"},
    {file = "pandas-2.0.1-cp310-cp310-manylinux_2_17_x86_64.manylinux2014_x86_64.whl", hash = "sha256:0a514ae436b23a92366fbad8365807fc0eed15ca219690b3445dcfa33597a5cc"},
    {file = "pandas-2.0.1-cp310-cp310-win32.whl", hash = "sha256:12bd6618e3cc737c5200ecabbbb5eaba8ab645a4b0db508ceeb4004bb10b060e"},
    {file = "pandas-2.0.1-cp310-cp310-win_amd64.whl", hash = "sha256:2b6fe5f7ce1cba0e74188c8473c9091ead9b293ef0a6794939f8cc7947057abd"},
    {file = "pandas-2.0.1-cp311-cp311-macosx_10_9_x86_64.whl", hash = "sha256:00959a04a1d7bbc63d75a768540fb20ecc9e65fd80744c930e23768345a362a7"},
    {file = "pandas-2.0.1-cp311-cp311-macosx_11_0_arm64.whl", hash = "sha256:af2449e9e984dfad39276b885271ba31c5e0204ffd9f21f287a245980b0e4091"},
    {file = "pandas-2.0.1-cp311-cp311-manylinux_2_17_aarch64.manylinux2014_aarch64.whl", hash = "sha256:910df06feaf9935d05247db6de452f6d59820e432c18a2919a92ffcd98f8f79b"},
    {file = "pandas-2.0.1-cp311-cp311-manylinux_2_17_x86_64.manylinux2014_x86_64.whl", hash = "sha256:6fa0067f2419f933101bdc6001bcea1d50812afbd367b30943417d67fbb99678"},
    {file = "pandas-2.0.1-cp311-cp311-win32.whl", hash = "sha256:7b8395d335b08bc8b050590da264f94a439b4770ff16bb51798527f1dd840388"},
    {file = "pandas-2.0.1-cp311-cp311-win_amd64.whl", hash = "sha256:8db5a644d184a38e6ed40feeb12d410d7fcc36648443defe4707022da127fc35"},
    {file = "pandas-2.0.1-cp38-cp38-macosx_10_9_x86_64.whl", hash = "sha256:7bbf173d364130334e0159a9a034f573e8b44a05320995127cf676b85fd8ce86"},
    {file = "pandas-2.0.1-cp38-cp38-macosx_11_0_arm64.whl", hash = "sha256:6c0853d487b6c868bf107a4b270a823746175b1932093b537b9b76c639fc6f7e"},
    {file = "pandas-2.0.1-cp38-cp38-manylinux_2_17_aarch64.manylinux2014_aarch64.whl", hash = "sha256:f25e23a03f7ad7211ffa30cb181c3e5f6d96a8e4cb22898af462a7333f8a74eb"},
    {file = "pandas-2.0.1-cp38-cp38-manylinux_2_17_x86_64.manylinux2014_x86_64.whl", hash = "sha256:e09a53a4fe8d6ae2149959a2d02e1ef2f4d2ceb285ac48f74b79798507e468b4"},
    {file = "pandas-2.0.1-cp38-cp38-win32.whl", hash = "sha256:a2564629b3a47b6aa303e024e3d84e850d36746f7e804347f64229f8c87416ea"},
    {file = "pandas-2.0.1-cp38-cp38-win_amd64.whl", hash = "sha256:03e677c6bc9cfb7f93a8b617d44f6091613a5671ef2944818469be7b42114a00"},
    {file = "pandas-2.0.1-cp39-cp39-macosx_10_9_x86_64.whl", hash = "sha256:3d099ecaa5b9e977b55cd43cf842ec13b14afa1cfa51b7e1179d90b38c53ce6a"},
    {file = "pandas-2.0.1-cp39-cp39-macosx_11_0_arm64.whl", hash = "sha256:a37ee35a3eb6ce523b2c064af6286c45ea1c7ff882d46e10d0945dbda7572753"},
    {file = "pandas-2.0.1-cp39-cp39-manylinux_2_17_aarch64.manylinux2014_aarch64.whl", hash = "sha256:320b180d125c3842c5da5889183b9a43da4ebba375ab2ef938f57bf267a3c684"},
    {file = "pandas-2.0.1-cp39-cp39-manylinux_2_17_x86_64.manylinux2014_x86_64.whl", hash = "sha256:18d22cb9043b6c6804529810f492ab09d638ddf625c5dea8529239607295cb59"},
    {file = "pandas-2.0.1-cp39-cp39-win32.whl", hash = "sha256:90d1d365d77d287063c5e339f49b27bd99ef06d10a8843cf00b1a49326d492c1"},
    {file = "pandas-2.0.1-cp39-cp39-win_amd64.whl", hash = "sha256:99f7192d8b0e6daf8e0d0fd93baa40056684e4b4aaaef9ea78dff34168e1f2f0"},
    {file = "pandas-2.0.1.tar.gz", hash = "sha256:19b8e5270da32b41ebf12f0e7165efa7024492e9513fb46fb631c5022ae5709d"},
]

[package.dependencies]
numpy = [
    {version = ">=1.21.0", markers = "python_version >= \"3.10\""},
    {version = ">=1.23.2", markers = "python_version >= \"3.11\""},
]
python-dateutil = ">=2.8.2"
pytz = ">=2020.1"
tzdata = ">=2022.1"

[package.extras]
all = ["PyQt5 (>=5.15.1)", "SQLAlchemy (>=1.4.16)", "beautifulsoup4 (>=4.9.3)", "bottleneck (>=1.3.2)", "brotlipy (>=0.7.0)", "fastparquet (>=0.6.3)", "fsspec (>=2021.07.0)", "gcsfs (>=2021.07.0)", "html5lib (>=1.1)", "hypothesis (>=6.34.2)", "jinja2 (>=3.0.0)", "lxml (>=4.6.3)", "matplotlib (>=3.6.1)", "numba (>=0.53.1)", "numexpr (>=2.7.3)", "odfpy (>=1.4.1)", "openpyxl (>=3.0.7)", "pandas-gbq (>=0.15.0)", "psycopg2 (>=2.8.6)", "pyarrow (>=7.0.0)", "pymysql (>=1.0.2)", "pyreadstat (>=1.1.2)", "pytest (>=7.0.0)", "pytest-asyncio (>=0.17.0)", "pytest-xdist (>=2.2.0)", "python-snappy (>=0.6.0)", "pyxlsb (>=1.0.8)", "qtpy (>=2.2.0)", "s3fs (>=2021.08.0)", "scipy (>=1.7.1)", "tables (>=3.6.1)", "tabulate (>=0.8.9)", "xarray (>=0.21.0)", "xlrd (>=2.0.1)", "xlsxwriter (>=1.4.3)", "zstandard (>=0.15.2)"]
aws = ["s3fs (>=2021.08.0)"]
clipboard = ["PyQt5 (>=5.15.1)", "qtpy (>=2.2.0)"]
compression = ["brotlipy (>=0.7.0)", "python-snappy (>=0.6.0)", "zstandard (>=0.15.2)"]
computation = ["scipy (>=1.7.1)", "xarray (>=0.21.0)"]
excel = ["odfpy (>=1.4.1)", "openpyxl (>=3.0.7)", "pyxlsb (>=1.0.8)", "xlrd (>=2.0.1)", "xlsxwriter (>=1.4.3)"]
feather = ["pyarrow (>=7.0.0)"]
fss = ["fsspec (>=2021.07.0)"]
gcp = ["gcsfs (>=2021.07.0)", "pandas-gbq (>=0.15.0)"]
hdf5 = ["tables (>=3.6.1)"]
html = ["beautifulsoup4 (>=4.9.3)", "html5lib (>=1.1)", "lxml (>=4.6.3)"]
mysql = ["SQLAlchemy (>=1.4.16)", "pymysql (>=1.0.2)"]
output-formatting = ["jinja2 (>=3.0.0)", "tabulate (>=0.8.9)"]
parquet = ["pyarrow (>=7.0.0)"]
performance = ["bottleneck (>=1.3.2)", "numba (>=0.53.1)", "numexpr (>=2.7.1)"]
plot = ["matplotlib (>=3.6.1)"]
postgresql = ["SQLAlchemy (>=1.4.16)", "psycopg2 (>=2.8.6)"]
spss = ["pyreadstat (>=1.1.2)"]
sql-other = ["SQLAlchemy (>=1.4.16)"]
test = ["hypothesis (>=6.34.2)", "pytest (>=7.0.0)", "pytest-asyncio (>=0.17.0)", "pytest-xdist (>=2.2.0)"]
xml = ["lxml (>=4.6.3)"]

[[package]]
name = "python-dateutil"
version = "2.8.2"
description = "Extensions to the standard Python datetime module"
category = "main"
optional = false
python-versions = "!=3.0.*,!=3.1.*,!=3.2.*,>=2.7"
files = [
    {file = "python-dateutil-2.8.2.tar.gz", hash = "sha256:0123cacc1627ae19ddf3c27a5de5bd67ee4586fbdd6440d9748f8abb483d3e86"},
    {file = "python_dateutil-2.8.2-py2.py3-none-any.whl", hash = "sha256:961d03dc3453ebbc59dbdea9e4e11c5651520a876d0f4db161e8674aae935da9"},
]

[package.dependencies]
six = ">=1.5"

[[package]]
name = "pytz"
version = "2023.3"
description = "World timezone definitions, modern and historical"
category = "main"
optional = false
python-versions = "*"
files = [
    {file = "pytz-2023.3-py2.py3-none-any.whl", hash = "sha256:a151b3abb88eda1d4e34a9814df37de2a80e301e68ba0fd856fb9b46bfbbbffb"},
    {file = "pytz-2023.3.tar.gz", hash = "sha256:1d8ce29db189191fb55338ee6d0387d82ab59f3d00eac103412d64e0ebd0c588"},
]

[[package]]
name = "six"
version = "1.16.0"
description = "Python 2 and 3 compatibility utilities"
category = "main"
optional = false
python-versions = ">=2.7, !=3.0.*, !=3.1.*, !=3.2.*"
files = [
    {file = "six-1.16.0-py2.py3-none-any.whl", hash = "sha256:8abb2f1d86890a2dfb989f9a77cfcfd3e47c2a354b01111771326f8aa26e0254"},
    {file = "six-1.16.0.tar.gz", hash = "sha256:1e61c37477a1626458e36f7b1d82aa5c9b094fa4802892072e49de9c60c4c926"},
]

[[package]]
name = "typing-extensions"
version = "4.5.0"
description = "Backported and Experimental Type Hints for Python 3.7+"
category = "main"
optional = false
python-versions = ">=3.7"
files = [
    {file = "typing_extensions-4.5.0-py3-none-any.whl", hash = "sha256:fb33085c39dd998ac16d1431ebc293a8b3eedd00fd4a32de0ff79002c19511b4"},
    {file = "typing_extensions-4.5.0.tar.gz", hash = "sha256:5cb5f4a79139d699607b3ef622a1dedafa84e115ab0024e0d9c044a9479ca7cb"},
]

[[package]]
name = "tzdata"
version = "2023.3"
description = "Provider of IANA time zone data"
category = "main"
optional = false
python-versions = ">=2"
files = [
    {file = "tzdata-2023.3-py2.py3-none-any.whl", hash = "sha256:7e65763eef3120314099b6939b5546db7adce1e7d6f2e179e3df563c70511eda"},
    {file = "tzdata-2023.3.tar.gz", hash = "sha256:11ef1e08e54acb0d4f95bdb1be05da659673de4acbd21bf9c69e94cc5e907a3a"},
]

[metadata]
lock-version = "2.0"
python-versions = "^3.10"
content-hash = "e759eb7132cb3d68deac1867472f0aeef0d38df936ef525e098f4de031d03a37"
